
Microsoft Visual Studio Solution File, Format Version 11.00
# Visual Studio 2010
Project("{FAE04EC0-301F-11D3-BF4B-00C04F79EFBC}") = "Wo1f Framework", "Wo1f Framework\Wo1f Framework.csproj", "{B5E2FDF0-07B7-4EB5-BD36-F87141881D5E}"
EndProject
Project("{FAE04EC0-301F-11D3-BF4B-00C04F79EFBC}") = "Wo1f Chat Server", "Wo1f Chat Server\Wo1f Chat Server.csproj", "{7B902E76-E650-401C-A986-7C3317BB7307}"
EndProject
Project("{FAE04EC0-301F-11D3-BF4B-00C04F79EFBC}") = "Wo1f Chat Client", "Wo1f Chat Client\Wo1f Chat Client.csproj", "{DFB0F0EB-8C50-4CDA-A58E-25EAB3FC5C39}"
EndProject
Project("{FAE04EC0-301F-11D3-BF4B-00C04F79EFBC}") = "Wo1fFileSearch", "Wo1fFileSearch\Wo1fFileSearch.csproj", "{A55B9E56-68CB-4192-81FE-5651E2D57F83}"
EndProject
Project("{FAE04EC0-301F-11D3-BF4B-00C04F79EFBC}") = "Wo1fGet", "Wo1fGet\Wo1fGet.csproj", "{9D795DD5-F203-4B53-BBF1-9463E63E8E3F}"
EndProject
Global
	GlobalSection(SolutionConfigurationPlatforms) = preSolution
		Debug|Any CPU = Debug|Any CPU
		Debug|Mixed Platforms = Debug|Mixed Platforms
		Debug|x86 = Debug|x86
		Release|Any CPU = Release|Any CPU
		Release|Mixed Platforms = Release|Mixed Platforms
		Release|x86 = Release|x86
	EndGlobalSection
	GlobalSection(ProjectConfigurationPlatforms) = postSolution
		{B5E2FDF0-07B7-4EB5-BD36-F87141881D5E}.Debug|Any CPU.ActiveCfg = Debug|Any CPU
		{B5E2FDF0-07B7-4EB5-BD36-F87141881D5E}.Debug|Any CPU.Build.0 = Debug|Any CPU
		{B5E2FDF0-07B7-4EB5-BD36-F87141881D5E}.Debug|Mixed Platforms.ActiveCfg = Debug|Any CPU
		{B5E2FDF0-07B7-4EB5-BD36-F87141881D5E}.Debug|Mixed Platforms.Build.0 = Debug|Any CPU
		{B5E2FDF0-07B7-4EB5-BD36-F87141881D5E}.Debug|x86.ActiveCfg = Debug|Any CPU
		{B5E2FDF0-07B7-4EB5-BD36-F87141881D5E}.Release|Any CPU.ActiveCfg = Release|Any CPU
		{B5E2FDF0-07B7-4EB5-BD36-F87141881D5E}.Release|Any CPU.Build.0 = Release|Any CPU
		{B5E2FDF0-07B7-4EB5-BD36-F87141881D5E}.Release|Mixed Platforms.ActiveCfg = Release|Any CPU
		{B5E2FDF0-07B7-4EB5-BD36-F87141881D5E}.Release|Mixed Platforms.Build.0 = Release|Any CPU
		{B5E2FDF0-07B7-4EB5-BD36-F87141881D5E}.Release|x86.ActiveCfg = Release|Any CPU
		{7B902E76-E650-401C-A986-7C3317BB7307}.Debug|Any CPU.ActiveCfg = Debug|x86
		{7B902E76-E650-401C-A986-7C3317BB7307}.Debug|Mixed Platforms.ActiveCfg = Debug|x86
		{7B902E76-E650-401C-A986-7C3317BB7307}.Debug|Mixed Platforms.Build.0 = Debug|x86
		{7B902E76-E650-401C-A986-7C3317BB7307}.Debug|x86.ActiveCfg = Debug|x86
		{7B902E76-E650-401C-A986-7C3317BB7307}.Debug|x86.Build.0 = Debug|x86
		{7B902E76-E650-401C-A986-7C3317BB7307}.Release|Any CPU.ActiveCfg = Release|x86
		{7B902E76-E650-401C-A986-7C3317BB7307}.Release|Mixed Platforms.ActiveCfg = Release|x86
		{7B902E76-E650-401C-A986-7C3317BB7307}.Release|Mixed Platforms.Build.0 = Release|x86
		{7B902E76-E650-401C-A986-7C3317BB7307}.Release|x86.ActiveCfg = Release|x86
		{7B902E76-E650-401C-A986-7C3317BB7307}.Release|x86.Build.0 = Release|x86
		{DFB0F0EB-8C50-4CDA-A58E-25EAB3FC5C39}.Debug|Any CPU.ActiveCfg = Debug|x86
		{DFB0F0EB-8C50-4CDA-A58E-25EAB3FC5C39}.Debug|Mixed Platforms.ActiveCfg = Debug|x86
		{DFB0F0EB-8C50-4CDA-A58E-25EAB3FC5C39}.Debug|Mixed Platforms.Build.0 = Debug|x86
		{DFB0F0EB-8C50-4CDA-A58E-25EAB3FC5C39}.Debug|x86.ActiveCfg = Debug|x86
		{DFB0F0EB-8C50-4CDA-A58E-25EAB3FC5C39}.Debug|x86.Build.0 = Debug|x86
		{DFB0F0EB-8C50-4CDA-A58E-25EAB3FC5C39}.Release|Any CPU.ActiveCfg = Release|x86
		{DFB0F0EB-8C50-4CDA-A58E-25EAB3FC5C39}.Release|Mixed Platforms.ActiveCfg = Release|x86
		{DFB0F0EB-8C50-4CDA-A58E-25EAB3FC5C39}.Release|Mixed Platforms.Build.0 = Release|x86
		{DFB0F0EB-8C50-4CDA-A58E-25EAB3FC5C39}.Release|x86.ActiveCfg = Release|x86
		{DFB0F0EB-8C50-4CDA-A58E-25EAB3FC5C39}.Release|x86.Build.0 = Release|x86
		{A55B9E56-68CB-4192-81FE-5651E2D57F83}.Debug|Any CPU.ActiveCfg = Debug|x86
		{A55B9E56-68CB-4192-81FE-5651E2D57F83}.Debug|Mixed Platforms.ActiveCfg = Debug|x86
		{A55B9E56-68CB-4192-81FE-5651E2D57F83}.Debug|Mixed Platforms.Build.0 = Debug|x86
		{A55B9E56-68CB-4192-81FE-5651E2D57F83}.Debug|x86.ActiveCfg = Debug|x86
		{A55B9E56-68CB-4192-81FE-5651E2D57F83}.Debug|x86.Build.0 = Debug|x86
		{A55B9E56-68CB-4192-81FE-5651E2D57F83}.Release|Any CPU.ActiveCfg = Release|x86
		{A55B9E56-68CB-4192-81FE-5651E2D57F83}.Release|Mixed Platforms.ActiveCfg = Release|x86
		{A55B9E56-68CB-4192-81FE-5651E2D57F83}.Release|Mixed Platforms.Build.0 = Release|x86
		{A55B9E56-68CB-4192-81FE-5651E2D57F83}.Release|x86.ActiveCfg = Release|x86
		{A55B9E56-68CB-4192-81FE-5651E2D57F83}.Release|x86.Build.0 = Release|x86
		{9D795DD5-F203-4B53-BBF1-9463E63E8E3F}.Debug|Any CPU.ActiveCfg = Debug|x86
		{9D795DD5-F203-4B53-BBF1-9463E63E8E3F}.Debug|Mixed Platforms.ActiveCfg = Debug|x86
		{9D795DD5-F203-4B53-BBF1-9463E63E8E3F}.Debug|Mixed Platforms.Build.0 = Debug|x86
		{9D795DD5-F203-4B53-BBF1-9463E63E8E3F}.Debug|x86.ActiveCfg = Debug|x86
		{9D795DD5-F203-4B53-BBF1-9463E63E8E3F}.Debug|x86.Build.0 = Debug|x86
		{9D795DD5-F203-4B53-BBF1-9463E63E8E3F}.Release|Any CPU.ActiveCfg = Release|x86
		{9D795DD5-F203-4B53-BBF1-9463E63E8E3F}.Release|Mixed Platforms.ActiveCfg = Release|x86
		{9D795DD5-F203-4B53-BBF1-9463E63E8E3F}.Release|Mixed Platforms.Build.0 = Release|x86
		{9D795DD5-F203-4B53-BBF1-9463E63E8E3F}.Release|x86.ActiveCfg = Release|x86
		{9D795DD5-F203-4B53-BBF1-9463E63E8E3F}.Release|x86.Build.0 = Release|x86
	EndGlobalSection
	GlobalSection(SolutionProperties) = preSolution
		HideSolutionNode = FALSE
	EndGlobalSection
EndGlobal
